// !$*UTF8*$!
{
	archiveVersion = 1;
	classes = {
	};
	objectVersion = 48;
	objects = {

/* Begin PBXBuildFile section */
		B205E0B61F829FEF00943348 /* AppDelegate.swift in Sources */ = {isa = PBXBuildFile; fileRef = B205E0B51F829FEF00943348 /* AppDelegate.swift */; };
		B205E0B81F829FEF00943348 /* ViewController.swift in Sources */ = {isa = PBXBuildFile; fileRef = B205E0B71F829FEF00943348 /* ViewController.swift */; };
		B205E0BB1F829FEF00943348 /* Main.storyboard in Resources */ = {isa = PBXBuildFile; fileRef = B205E0B91F829FEF00943348 /* Main.storyboard */; };
		B205E0BD1F829FEF00943348 /* Assets.xcassets in Resources */ = {isa = PBXBuildFile; fileRef = B205E0BC1F829FEF00943348 /* Assets.xcassets */; };
		B205E0C01F829FEF00943348 /* LaunchScreen.storyboard in Resources */ = {isa = PBXBuildFile; fileRef = B205E0BE1F829FEF00943348 /* LaunchScreen.storyboard */; };
/* End PBXBuildFile section */

/* Begin PBXFileReference section */
		B205E0B21F829FEF00943348 /* Where I am?.app */ = {isa = PBXFileReference; explicitFileType = wrapper.application; includeInIndex = 0; path = "Where I am?.app"; sourceTree = BUILT_PRODUCTS_DIR; };
		B205E0B51F829FEF00943348 /* AppDelegate.swift */ = {isa = PBXFileReference; lastKnownFileType = sourcecode.swift; path = AppDelegate.swift; sourceTree = "<group>"; };
		B205E0B71F829FEF00943348 /* ViewController.swift */ = {isa = PBXFileReference; lastKnownFileType = sourcecode.swift; path = ViewController.swift; sourceTree = "<group>"; };
		B205E0BA1F829FEF00943348 /* Base */ = {isa = PBXFileReference; lastKnownFileType = file.storyboard; name = Base; path = Base.lproj/Main.storyboard; sourceTree = "<group>"; };
		B205E0BC1F829FEF00943348 /* Assets.xcassets */ = {isa = PBXFileReference; lastKnownFileType = folder.assetcatalog; path = Assets.xcassets; sourceTree = "<group>"; };
		B205E0BF1F829FEF00943348 /* Base */ = {isa = PBXFileReference; lastKnownFileType = file.storyboard; name = Base; path = Base.lproj/LaunchScreen.storyboard; sourceTree = "<group>"; };
		B205E0C11F829FEF00943348 /* Info.plist */ = {isa = PBXFileReference; lastKnownFileType = text.plist.xml; path = Info.plist; sourceTree = "<group>"; };
/* End PBXFileReference section */

/* Begin PBXFrameworksBuildPhase section */
		B205E0AF1F829FEF00943348 /* Frameworks */ = {
			isa = PBXFrameworksBuildPhase;
			buildActionMask = 2147483647;
			files = (
			);
			runOnlyForDeploymentPostprocessing = 0;
		};
/* End PBXFrameworksBuildPhase section */

/* Begin PBXGroup section */
		B205E0A91F829FEF00943348 = {
			isa = PBXGroup;
			children = (
				B205E0B41F829FEF00943348 /* Where I am? */,
				B205E0B31F829FEF00943348 /* Products */,
			);
			sourceTree = "<group>";
		};
		B205E0B31F829FEF00943348 /* Products */ = {
			isa = PBXGroup;
			children = (
				B205E0B21F829FEF00943348 /* Where I am?.app */,
			);
			name = Products;
			sourceTree = "<group>";
		};
		B205E0B41F829FEF00943348 /* Where I am? */ = {
			isa = PBXGroup;
			children = (
				B205E0B51F829FEF00943348 /* AppDelegate.swift */,
				B205E0B71F829FEF00943348 /* ViewController.swift */,
				B205E0B91F829FEF00943348 /* Main.storyboard */,
				B205E0BC1F829FEF00943348 /* Assets.xcassets */,
				B205E0BE1F829FEF00943348 /* LaunchScreen.storyboard */,
				B205E0C11F829FEF00943348 /* Info.plist */,
			);
			path = "Where I am?";
			sourceTree = "<group>";
		};
/* End PBXGroup section */

/* Begin PBXNativeTarget section */
		B205E0B11F829FEF00943348 /* Where I am? */ = {
			isa = PBXNativeTarget;
			buildConfigurationList = B205E0C41F829FEF00943348 /* Build configuration list for PBXNativeTarget "Where I am?" */;
			buildPhases = (
				B205E0AE1F829FEF00943348 /* Sources */,
				B205E0AF1F829FEF00943348 /* Frameworks */,
				B205E0B01F829FEF00943348 /* Resources */,
			);
			buildRules = (
			);
			dependencies = (
			);
			name = "Where I am?";
			productName = "Where I am?";
			productReference = B205E0B21F829FEF00943348 /* Where I am?.app */;
			productType = "com.apple.product-type.application";
		};
/* End PBXNativeTarget section */

/* Begin PBXProject section */
		B205E0AA1F829FEF00943348 /* Project object */ = {
			isa = PBXProject;
			attributes = {
				LastSwiftUpdateCheck = 0900;
				LastUpgradeCheck = 0900;
				ORGANIZATIONNAME = "Randall Dani Barrientos Alva";
				TargetAttributes = {
					B205E0B11F829FEF00943348 = {
						CreatedOnToolsVersion = 9.0;
						ProvisioningStyle = Automatic;
					};
				};
			};
			buildConfigurationList = B205E0AD1F829FEF00943348 /* Build configuration list for PBXProject "Where I am?" */;
			compatibilityVersion = "Xcode 8.0";
			developmentRegion = en;
			hasScannedForEncodings = 0;
			knownRegions = (
				en,
				Base,
			);
			mainGroup = B205E0A91F829FEF00943348;
			productRefGroup = B205E0B31F829FEF00943348 /* Products */;
			projectDirPath = "";
			projectRoot = "";
			targets = (
				B205E0B11F829FEF00943348 /* Where I am? */,
			);
		};
/* End PBXProject section */

/* Begin PBXResourcesBuildPhase section */
		B205E0B01F829FEF00943348 /* Resources */ = {
			isa = PBXResourcesBuildPhase;
			buildActionMask = 2147483647;
			files = (
				B205E0C01F829FEF00943348 /* LaunchScreen.storyboard in Resources */,
				B205E0BD1F829FEF00943348 /* Assets.xcassets in Resources */,
				B205E0BB1F829FEF00943348 /* Main.storyboard in Resources */,
			);
			runOnlyForDeploymentPostprocessing = 0;
		};
/* End PBXResourcesBuildPhase section */

/* Begin PBXSourcesBuildPhase section */
		B205E0AE1F829FEF00943348 /* Sources */ = {
			isa = PBXSourcesBuildPhase;
			buildActionMask = 2147483647;
			files = (
				B205E0B81F829FEF00943348 /* ViewController.swift in Sources */,
				B205E0B61F829FEF00943348 /* AppDelegate.swift in Sources */,
			);
			runOnlyForDeploymentPostprocessing = 0;
		};
/* End PBXSourcesBuildPhase section */

/* Begin PBXVariantGroup section */
		B205E0B91F829FEF00943348 /* Main.storyboard */ = {
			isa = PBXVariantGroup;
			children = (
				B205E0BA1F829FEF00943348 /* Base */,
			);
			name = Main.storyboard;
			sourceTree = "<group>";
		};
		B205E0BE1F829FEF00943348 /* LaunchScreen.storyboard */ = {
			isa = PBXVariantGroup;
			children = (
				B205E0BF1F829FEF00943348 /* Base */,
			);
			name = LaunchScreen.storyboard;
			sourceTree = "<group>";
		};
/* End PBXVariantGroup section */

/* Begin XCBuildConfiguration section */
		B205E0C21F829FEF00943348 /* Debug */ = {
			isa = XCBuildConfiguration;
			buildSettings = {
				ALWAYS_SEARCH_USER_PATHS = NO;
				CLANG_ANALYZER_NONNULL = YES;
				CLANG_ANALYZER_NUMBER_OBJECT_CONVERSION = YES_AGGRESSIVE;
				CLANG_CXX_LANGUAGE_STANDARD = "gnu++14";
				CLANG_CXX_LIBRARY = "libc++";
				CLANG_ENABLE_MODULES = YES;
				CLANG_ENABLE_OBJC_ARC = YES;
				CLANG_WARN_BLOCK_CAPTURE_AUTORELEASING = YES;
				CLANG_WARN_BOOL_CONVERSION = YES;
				CLANG_WARN_COMMA = YES;
				CLANG_WARN_CONSTANT_CONVERSION = YES;
				CLANG_WARN_DIRECT_OBJC_ISA_USAGE = YES_ERROR;
				CLANG_WARN_DOCUMENTATION_COMMENTS = YES;
				CLANG_WARN_EMPTY_BODY = YES;
				CLANG_WARN_ENUM_CONVERSION = YES;
				CLANG_WARN_INFINITE_RECURSION = YES;
				CLANG_WARN_INT_CONVERSION = YES;
				CLANG_WARN_NON_LITERAL_NULL_CONVERSION = YES;
				CLANG_WARN_OBJC_LITERAL_CONVERSION = YES;
				CLANG_WARN_OBJC_ROOT_CLASS = YES_ERROR;
				CLANG_WARN_RANGE_LOOP_ANALYSIS = YES;
				CLANG_WARN_STRICT_PROTOTYPES = YES;
				CLANG_WARN_SUSPICIOUS_MOVE = YES;
				CLANG_WARN_UNGUARDED_AVAILABILITY = YES_AGGRESSIVE;
				CLANG_WARN_UNREACHABLE_CODE = YES;
				CLANG_WARN__DUPLICATE_METHOD_MATCH = YES;
				CODE_SIGN_IDENTITY = "iPhone Developer";
				COPY_PHASE_STRIP = NO;
				DEBUG_INFORMATION_FORMAT = dwarf;
				ENABLE_STRICT_OBJC_MSGSEND = YES;
				ENABLE_TESTABILITY = YES;
				GCC_C_LANGUAGE_STANDARD = gnu11;
				GCC_DYNAMIC_NO_PIC = NO;
				GCC_NO_COMMON_BLOCKS = YES;
				GCC_OPTIMIZATION_LEVEL = 0;
				GCC_PREPROCESSOR_DEFINITIONS = (
					"DEBUG=1",
					"$(inherited)",
				);
				GCC_WARN_64_TO_32_BIT_CONVERSION = YES;
				GCC_WARN_ABOUT_RETURN_TYPE = YES_ERROR;
				GCC_WARN_UNDECLARED_SELECTOR = YES;
				GCC_WARN_UNINITIALIZED_AUTOS = YES_AGGRESSIVE;
				GCC_WARN_UNUSED_FUNCTION = YES;
				GCC_WARN_UNUSED_VARIABLE = YES;
				IPHONEOS_DEPLOYMENT_TARGET = 11.0;
				MTL_ENABLE_DEBUG_INFO = YES;
				ONLY_ACTIVE_ARCH = YES;
				SDKROOT = iphoneos;
				SWIFT_ACTIVE_COMPILATION_CONDITIONS = DEBUG;
				SWIFT_OPTIMIZATION_LEVEL = "-Onone";
			};
			name = Debug;
		};
		B205E0C31F829FEF00943348 /* Release */ = {
			isa = XCBuildConfiguration;
			buildSettings = {
				ALWAYS_SEARCH_USER_PATHS = NO;
				CLANG_ANALYZER_NONNULL = YES;
				CLANG_ANALYZER_NUMBER_OBJECT_CONVERSION = YES_AGGRESSIVE;
				CLANG_CXX_LANGUAGE_STANDARD = "gnu++14";
				CLANG_CXX_LIBRARY = "libc++";
				CLANG_ENABLE_MODULES = YES;
				CLANG_ENABLE_OBJC_ARC = YES;
				CLANG_WARN_BLOCK_CAPTURE_AUTORELEASING = YES;
				CLANG_WARN_BOOL_CONVERSION = YES;
				CLANG_WARN_COMMA = YES;
				CLANG_WARN_CONSTANT_CONVERSION = YES;
				CLANG_WARN_DIRECT_OBJC_ISA_USAGE = YES_ERROR;
				CLANG_WARN_DOCUMENTATION_COMMENTS = YES;
				CLANG_WARN_EMPTY_BODY = YES;
				CLANG_WARN_ENUM_CONVERSION = YES;
				CLANG_WARN_INFINITE_RECURSION = YES;
				CLANG_WARN_INT_CONVERSION = YES;
				CLANG_WARN_NON_LITERAL_NULL_CONVERSION = YES;
				CLANG_WARN_OBJC_LITERAL_CONVERSION = YES;
				CLANG_WARN_OBJC_ROOT_CLASS = YES_ERROR;
				CLANG_WARN_RANGE_LOOP_ANALYSIS = YES;
				CLANG_WARN_STRICT_PROTOTYPES = YES;
				CLANG_WARN_SUSPICIOUS_MOVE = YES;
				CLANG_WARN_UNGUARDED_AVAILABILITY = YES_AGGRESSIVE;
				CLANG_WARN_UNREACHABLE_CODE = YES;
				CLANG_WARN__DUPLICATE_METHOD_MATCH = YES;
				CODE_SIGN_IDENTITY = "iPhone Developer";
				COPY_PHASE_STRIP = NO;
				DEBUG_INFORMATION_FORMAT = "dwarf-with-dsym";
				ENABLE_NS_ASSERTIONS = NO;
				ENABLE_STRICT_OBJC_MSGSEND = YES;
				GCC_C_LANGUAGE_STANDARD = gnu11;
				GCC_NO_COMMON_BLOCKS = YES;
				GCC_WARN_64_TO_32_BIT_CONVERSION = YES;
				GCC_WARN_ABOUT_RETURN_TYPE = YES_ERROR;
				GCC_WARN_UNDECLARED_SELECTOR = YES;
				GCC_WARN_UNINITIALIZED_AUTOS = YES_AGGRESSIVE;
				GCC_WARN_UNUSED_FUNCTION = YES;
				GCC_WARN_UNUSED_VARIABLE = YES;
				IPHONEOS_DEPLOYMENT_TARGET = 11.0;
				MTL_ENABLE_DEBUG_INFO = NO;
				SDKROOT = iphoneos;
				SWIFT_OPTIMIZATION_LEVEL = "-Owholemodule";
				VALIDATE_PRODUCT = YES;
			};
			name = Release;
		};
		B205E0C51F829FEF00943348 /* Debug */ = {
			isa = XCBuildConfiguration;
			buildSettings = {
				ASSETCATALOG_COMPILER_APPICON_NAME = AppIcon;
				CODE_SIGN_STYLE = Automatic;
				DEVELOPMENT_TEAM = EDP4Q54424;
				INFOPLIST_FILE = "Where I am?/Info.plist";
				LD_RUNPATH_SEARCH_PATHS = "$(inherited) @executable_path/Frameworks";
				PRODUCT_BUNDLE_IDENTIFIER = "com.randalldanibarrientos.Where-I-am-";
				PRODUCT_NAME = "$(TARGET_NAME)";
				SWIFT_VERSION = 4.0;
				TARGETED_DEVICE_FAMILY = "1,2";
			};
			name = Debug;
		};
		B205E0C61F829FEF00943348 /* Release */ = {
			isa = XCBuildConfiguration;
			buildSettings = {
				ASSETCATALOG_COMPILER_APPICON_NAME = AppIcon;
				CODE_SIGN_STYLE = Automatic;
				DEVELOPMENT_TEAM = EDP4Q54424;
				INFOPLIST_FILE = "Where I am?/Info.plist";
				LD_RUNPATH_SEARCH_PATHS = "$(inherited) @executable_path/Frameworks";
				PRODUCT_BUNDLE_IDENTIFIER = "com.randalldanibarrientos.Where-I-am-";
				PRODUCT_NAME = "$(TARGET_NAME)";
				SWIFT_VERSION = 4.0;
				TARGETED_DEVICE_FAMILY = "1,2";
			};
			name = Release;
		};
/* End XCBuildConfiguration section */

/* Begin XCConfigurationList section */
		B205E0AD1F829FEF00943348 /* Build configuration list for PBXProject "Where I am?" */ = {
			isa = XCConfigurationList;
			buildConfigurations = (
				B205E0C21F829FEF00943348 /* Debug */,
				B205E0C31F829FEF00943348 /* Release */,
			);
			defaultConfigurationIsVisible = 0;
			defaultConfigurationName = Release;
		};
		B205E0C41F829FEF00943348 /* Build configuration list for PBXNativeTarget "Where I am?" */ = {
			isa = XCConfigurationList;
			buildConfigurations = (
				B205E0C51F829FEF00943348 /* Debug */,
				B205E0C61F829FEF00943348 /* Release */,
			);
			defaultConfigurationIsVisible = 0;
			defaultConfigurationName = Release;
		};
/* End XCConfigurationList section */
	};
	rootObject = B205E0AA1F829FEF00943348 /* Project object */;
}
